// !$*UTF8*$!
{
	archiveVersion = 1;
	classes = {
	};
	objectVersion = 55;
	objects = {

/* Begin PBXBuildFile section */
		34773E53277AD3890034CB14 /* LocationCellTableViewCell.swift in Sources */ = {isa = PBXBuildFile; fileRef = 34773E52277AD3890034CB14 /* LocationCellTableViewCell.swift */; };
		34773E55277AD3B20034CB14 /* EpisodeInfoTableViewCell.swift in Sources */ = {isa = PBXBuildFile; fileRef = 34773E54277AD3B20034CB14 /* EpisodeInfoTableViewCell.swift */; };
		34773E57277AD3D80034CB14 /* EpisodeCellTableViewCell.swift in Sources */ = {isa = PBXBuildFile; fileRef = 34773E56277AD3D70034CB14 /* EpisodeCellTableViewCell.swift */; };
		34773E59277AD40D0034CB14 /* CharacterCellTableViewCell.swift in Sources */ = {isa = PBXBuildFile; fileRef = 34773E58277AD40D0034CB14 /* CharacterCellTableViewCell.swift */; };
		34773E5B277AD4300034CB14 /* CharacterInfoTableViewCell.swift in Sources */ = {isa = PBXBuildFile; fileRef = 34773E5A277AD4300034CB14 /* CharacterInfoTableViewCell.swift */; };
		34773E5D277AD4860034CB14 /* TabBarViewController.swift in Sources */ = {isa = PBXBuildFile; fileRef = 34773E5C277AD4860034CB14 /* TabBarViewController.swift */; };
		34773E62277AD5090034CB14 /* LocationDetailViewController.swift in Sources */ = {isa = PBXBuildFile; fileRef = 34773E61277AD5090034CB14 /* LocationDetailViewController.swift */; };
		34773E64277AD5310034CB14 /* LocationViewController.swift in Sources */ = {isa = PBXBuildFile; fileRef = 34773E63277AD5310034CB14 /* LocationViewController.swift */; };
		34773E66277AD5590034CB14 /* EpisodeDetailViewController.swift in Sources */ = {isa = PBXBuildFile; fileRef = 34773E65277AD5590034CB14 /* EpisodeDetailViewController.swift */; };
		34773E68277AD5840034CB14 /* EpisodeViewController.swift in Sources */ = {isa = PBXBuildFile; fileRef = 34773E67277AD5840034CB14 /* EpisodeViewController.swift */; };
		34773E6A277AD5C20034CB14 /* CharacterViewController.swift in Sources */ = {isa = PBXBuildFile; fileRef = 34773E69277AD5C20034CB14 /* CharacterViewController.swift */; };
		34773E6C277AD5ED0034CB14 /* CharacterDetailViewController.swift in Sources */ = {isa = PBXBuildFile; fileRef = 34773E6B277AD5ED0034CB14 /* CharacterDetailViewController.swift */; };
		34773E6E277AD6880034CB14 /* NetworkManager.swift in Sources */ = {isa = PBXBuildFile; fileRef = 34773E6D277AD6880034CB14 /* NetworkManager.swift */; };
		34773E70277AD6D10034CB14 /* Extensions.swift in Sources */ = {isa = PBXBuildFile; fileRef = 34773E6F277AD6D10034CB14 /* Extensions.swift */; };
		34773E72277AD8100034CB14 /* Main.storyboard in Resources */ = {isa = PBXBuildFile; fileRef = 34773E71277AD8100034CB14 /* Main.storyboard */; };
		348C9D51277AC67C00B64736 /* AppDelegate.swift in Sources */ = {isa = PBXBuildFile; fileRef = 348C9D50277AC67C00B64736 /* AppDelegate.swift */; };
		348C9D53277AC67C00B64736 /* SceneDelegate.swift in Sources */ = {isa = PBXBuildFile; fileRef = 348C9D52277AC67C00B64736 /* SceneDelegate.swift */; };
		348C9D55277AC67C00B64736 /* ViewController.swift in Sources */ = {isa = PBXBuildFile; fileRef = 348C9D54277AC67C00B64736 /* ViewController.swift */; };
		348C9D5B277AC67C00B64736 /* HarryPoterTest.xcdatamodeld in Sources */ = {isa = PBXBuildFile; fileRef = 348C9D59277AC67C00B64736 /* HarryPoterTest.xcdatamodeld */; };
		348C9D5D277AC67E00B64736 /* Assets.xcassets in Resources */ = {isa = PBXBuildFile; fileRef = 348C9D5C277AC67E00B64736 /* Assets.xcassets */; };
		348C9D60277AC67E00B64736 /* LaunchScreen.storyboard in Resources */ = {isa = PBXBuildFile; fileRef = 348C9D5E277AC67E00B64736 /* LaunchScreen.storyboard */; };
		348C9D6B277AC67E00B64736 /* HarryPoterTestTests.swift in Sources */ = {isa = PBXBuildFile; fileRef = 348C9D6A277AC67E00B64736 /* HarryPoterTestTests.swift */; };
		348C9D75277AC67E00B64736 /* HarryPoterTestUITests.swift in Sources */ = {isa = PBXBuildFile; fileRef = 348C9D74277AC67E00B64736 /* HarryPoterTestUITests.swift */; };
		348C9D77277AC67E00B64736 /* HarryPoterTestUITestsLaunchTests.swift in Sources */ = {isa = PBXBuildFile; fileRef = 348C9D76277AC67E00B64736 /* HarryPoterTestUITestsLaunchTests.swift */; };
		348C9D87277ACA3B00B64736 /* Character.swift in Sources */ = {isa = PBXBuildFile; fileRef = 348C9D86277ACA3B00B64736 /* Character.swift */; };
		348C9D89277AD04900B64736 /* Location.swift in Sources */ = {isa = PBXBuildFile; fileRef = 348C9D88277AD04900B64736 /* Location.swift */; };
		348C9D8B277AD08300B64736 /* Episode.swift in Sources */ = {isa = PBXBuildFile; fileRef = 348C9D8A277AD08300B64736 /* Episode.swift */; };
		348C9D8D277AD09A00B64736 /* Info.swift in Sources */ = {isa = PBXBuildFile; fileRef = 348C9D8C277AD09A00B64736 /* Info.swift */; };
		348C9D8F277AD27A00B64736 /* LoadingTableViewCell.swift in Sources */ = {isa = PBXBuildFile; fileRef = 348C9D8E277AD27A00B64736 /* LoadingTableViewCell.swift */; };
		348C9D94277AD34800B64736 /* LocationInfoTableViewCell.swift in Sources */ = {isa = PBXBuildFile; fileRef = 348C9D93277AD34800B64736 /* LocationInfoTableViewCell.swift */; };
/* End PBXBuildFile section */

/* Begin PBXContainerItemProxy section */
		348C9D67277AC67E00B64736 /* PBXContainerItemProxy */ = {
			isa = PBXContainerItemProxy;
			containerPortal = 348C9D45277AC67C00B64736 /* Project object */;
			proxyType = 1;
			remoteGlobalIDString = 348C9D4C277AC67C00B64736;
			remoteInfo = HarryPoterTest;
		};
		348C9D71277AC67E00B64736 /* PBXContainerItemProxy */ = {
			isa = PBXContainerItemProxy;
			containerPortal = 348C9D45277AC67C00B64736 /* Project object */;
			proxyType = 1;
			remoteGlobalIDString = 348C9D4C277AC67C00B64736;
			remoteInfo = HarryPoterTest;
		};
/* End PBXContainerItemProxy section */

/* Begin PBXFileReference section */
		34773E52277AD3890034CB14 /* LocationCellTableViewCell.swift */ = {isa = PBXFileReference; lastKnownFileType = sourcecode.swift; path = LocationCellTableViewCell.swift; sourceTree = "<group>"; };
		34773E54277AD3B20034CB14 /* EpisodeInfoTableViewCell.swift */ = {isa = PBXFileReference; lastKnownFileType = sourcecode.swift; path = EpisodeInfoTableViewCell.swift; sourceTree = "<group>"; };
		34773E56277AD3D70034CB14 /* EpisodeCellTableViewCell.swift */ = {isa = PBXFileReference; lastKnownFileType = sourcecode.swift; path = EpisodeCellTableViewCell.swift; sourceTree = "<group>"; };
		34773E58277AD40D0034CB14 /* CharacterCellTableViewCell.swift */ = {isa = PBXFileReference; lastKnownFileType = sourcecode.swift; path = CharacterCellTableViewCell.swift; sourceTree = "<group>"; };
		34773E5A277AD4300034CB14 /* CharacterInfoTableViewCell.swift */ = {isa = PBXFileReference; lastKnownFileType = sourcecode.swift; path = CharacterInfoTableViewCell.swift; sourceTree = "<group>"; };
		34773E5C277AD4860034CB14 /* TabBarViewController.swift */ = {isa = PBXFileReference; lastKnownFileType = sourcecode.swift; path = TabBarViewController.swift; sourceTree = "<group>"; };
		34773E61277AD5090034CB14 /* LocationDetailViewController.swift */ = {isa = PBXFileReference; lastKnownFileType = sourcecode.swift; path = LocationDetailViewController.swift; sourceTree = "<group>"; };
		34773E63277AD5310034CB14 /* LocationViewController.swift */ = {isa = PBXFileReference; lastKnownFileType = sourcecode.swift; path = LocationViewController.swift; sourceTree = "<group>"; };
		34773E65277AD5590034CB14 /* EpisodeDetailViewController.swift */ = {isa = PBXFileReference; lastKnownFileType = sourcecode.swift; path = EpisodeDetailViewController.swift; sourceTree = "<group>"; };
		34773E67277AD5840034CB14 /* EpisodeViewController.swift */ = {isa = PBXFileReference; lastKnownFileType = sourcecode.swift; path = EpisodeViewController.swift; sourceTree = "<group>"; };
		34773E69277AD5C20034CB14 /* CharacterViewController.swift */ = {isa = PBXFileReference; lastKnownFileType = sourcecode.swift; path = CharacterViewController.swift; sourceTree = "<group>"; };
		34773E6B277AD5ED0034CB14 /* CharacterDetailViewController.swift */ = {isa = PBXFileReference; lastKnownFileType = sourcecode.swift; path = CharacterDetailViewController.swift; sourceTree = "<group>"; };
		34773E6D277AD6880034CB14 /* NetworkManager.swift */ = {isa = PBXFileReference; lastKnownFileType = sourcecode.swift; path = NetworkManager.swift; sourceTree = "<group>"; };
		34773E6F277AD6D10034CB14 /* Extensions.swift */ = {isa = PBXFileReference; lastKnownFileType = sourcecode.swift; path = Extensions.swift; sourceTree = "<group>"; };
		34773E71277AD8100034CB14 /* Main.storyboard */ = {isa = PBXFileReference; fileEncoding = 4; lastKnownFileType = file.storyboard; path = Main.storyboard; sourceTree = "<group>"; };
		348C9D4D277AC67C00B64736 /* HarryPoterTest.app */ = {isa = PBXFileReference; explicitFileType = wrapper.application; includeInIndex = 0; path = HarryPoterTest.app; sourceTree = BUILT_PRODUCTS_DIR; };
		348C9D50277AC67C00B64736 /* AppDelegate.swift */ = {isa = PBXFileReference; lastKnownFileType = sourcecode.swift; path = AppDelegate.swift; sourceTree = "<group>"; };
		348C9D52277AC67C00B64736 /* SceneDelegate.swift */ = {isa = PBXFileReference; lastKnownFileType = sourcecode.swift; path = SceneDelegate.swift; sourceTree = "<group>"; };
		348C9D54277AC67C00B64736 /* ViewController.swift */ = {isa = PBXFileReference; lastKnownFileType = sourcecode.swift; path = ViewController.swift; sourceTree = "<group>"; };
		348C9D5A277AC67C00B64736 /* HarryPoterTest.xcdatamodel */ = {isa = PBXFileReference; lastKnownFileType = wrapper.xcdatamodel; path = HarryPoterTest.xcdatamodel; sourceTree = "<group>"; };
		348C9D5C277AC67E00B64736 /* Assets.xcassets */ = {isa = PBXFileReference; lastKnownFileType = folder.assetcatalog; path = Assets.xcassets; sourceTree = "<group>"; };
		348C9D5F277AC67E00B64736 /* Base */ = {isa = PBXFileReference; lastKnownFileType = file.storyboard; name = Base; path = Base.lproj/LaunchScreen.storyboard; sourceTree = "<group>"; };
		348C9D61277AC67E00B64736 /* Info.plist */ = {isa = PBXFileReference; lastKnownFileType = text.plist.xml; path = Info.plist; sourceTree = "<group>"; };
		348C9D66277AC67E00B64736 /* HarryPoterTestTests.xctest */ = {isa = PBXFileReference; explicitFileType = wrapper.cfbundle; includeInIndex = 0; path = HarryPoterTestTests.xctest; sourceTree = BUILT_PRODUCTS_DIR; };
		348C9D6A277AC67E00B64736 /* HarryPoterTestTests.swift */ = {isa = PBXFileReference; lastKnownFileType = sourcecode.swift; path = HarryPoterTestTests.swift; sourceTree = "<group>"; };
		348C9D70277AC67E00B64736 /* HarryPoterTestUITests.xctest */ = {isa = PBXFileReference; explicitFileType = wrapper.cfbundle; includeInIndex = 0; path = HarryPoterTestUITests.xctest; sourceTree = BUILT_PRODUCTS_DIR; };
		348C9D74277AC67E00B64736 /* HarryPoterTestUITests.swift */ = {isa = PBXFileReference; lastKnownFileType = sourcecode.swift; path = HarryPoterTestUITests.swift; sourceTree = "<group>"; };
		348C9D76277AC67E00B64736 /* HarryPoterTestUITestsLaunchTests.swift */ = {isa = PBXFileReference; lastKnownFileType = sourcecode.swift; path = HarryPoterTestUITestsLaunchTests.swift; sourceTree = "<group>"; };
		348C9D86277ACA3B00B64736 /* Character.swift */ = {isa = PBXFileReference; lastKnownFileType = sourcecode.swift; path = Character.swift; sourceTree = "<group>"; };
		348C9D88277AD04900B64736 /* Location.swift */ = {isa = PBXFileReference; lastKnownFileType = sourcecode.swift; path = Location.swift; sourceTree = "<group>"; };
		348C9D8A277AD08300B64736 /* Episode.swift */ = {isa = PBXFileReference; lastKnownFileType = sourcecode.swift; path = Episode.swift; sourceTree = "<group>"; };
		348C9D8C277AD09A00B64736 /* Info.swift */ = {isa = PBXFileReference; lastKnownFileType = sourcecode.swift; path = Info.swift; sourceTree = "<group>"; };
		348C9D8E277AD27A00B64736 /* LoadingTableViewCell.swift */ = {isa = PBXFileReference; lastKnownFileType = sourcecode.swift; path = LoadingTableViewCell.swift; sourceTree = "<group>"; };
		348C9D93277AD34800B64736 /* LocationInfoTableViewCell.swift */ = {isa = PBXFileReference; lastKnownFileType = sourcecode.swift; path = LocationInfoTableViewCell.swift; sourceTree = "<group>"; };
/* End PBXFileReference section */

/* Begin PBXFrameworksBuildPhase section */
		348C9D4A277AC67C00B64736 /* Frameworks */ = {
			isa = PBXFrameworksBuildPhase;
			buildActionMask = 2147483647;
			files = (
			);
			runOnlyForDeploymentPostprocessing = 0;
		};
		348C9D63277AC67E00B64736 /* Frameworks */ = {
			isa = PBXFrameworksBuildPhase;
			buildActionMask = 2147483647;
			files = (
			);
			runOnlyForDeploymentPostprocessing = 0;
		};
		348C9D6D277AC67E00B64736 /* Frameworks */ = {
			isa = PBXFrameworksBuildPhase;
			buildActionMask = 2147483647;
			files = (
			);
			runOnlyForDeploymentPostprocessing = 0;
		};
/* End PBXFrameworksBuildPhase section */

/* Begin PBXGroup section */
		34773E5E277AD4C80034CB14 /* Characters */ = {
			isa = PBXGroup;
			children = (
				34773E69277AD5C20034CB14 /* CharacterViewController.swift */,
				34773E6B277AD5ED0034CB14 /* CharacterDetailViewController.swift */,
			);
			path = Characters;
			sourceTree = "<group>";
		};
		34773E5F277AD4D20034CB14 /* Episodes */ = {
			isa = PBXGroup;
			children = (
				34773E65277AD5590034CB14 /* EpisodeDetailViewController.swift */,
				34773E67277AD5840034CB14 /* EpisodeViewController.swift */,
			);
			path = Episodes;
			sourceTree = "<group>";
		};
		34773E60277AD4E00034CB14 /* Locations */ = {
			isa = PBXGroup;
			children = (
				34773E61277AD5090034CB14 /* LocationDetailViewController.swift */,
				34773E63277AD5310034CB14 /* LocationViewController.swift */,
			);
			path = Locations;
			sourceTree = "<group>";
		};
		348C9D44277AC67C00B64736 = {
			isa = PBXGroup;
			children = (
				348C9D4F277AC67C00B64736 /* HarryPoterTest */,
				348C9D69277AC67E00B64736 /* HarryPoterTestTests */,
				348C9D73277AC67E00B64736 /* HarryPoterTestUITests */,
				348C9D4E277AC67C00B64736 /* Products */,
			);
			sourceTree = "<group>";
		};
		348C9D4E277AC67C00B64736 /* Products */ = {
			isa = PBXGroup;
			children = (
				348C9D4D277AC67C00B64736 /* HarryPoterTest.app */,
				348C9D66277AC67E00B64736 /* HarryPoterTestTests.xctest */,
				348C9D70277AC67E00B64736 /* HarryPoterTestUITests.xctest */,
			);
			name = Products;
			sourceTree = "<group>";
		};
		348C9D4F277AC67C00B64736 /* HarryPoterTest */ = {
			isa = PBXGroup;
			children = (
				348C9D85277AC6A900B64736 /* models */,
				348C9D84277AC69D00B64736 /* cells */,
				348C9D83277AC69000B64736 /* controllers */,
				348C9D50277AC67C00B64736 /* AppDelegate.swift */,
				348C9D52277AC67C00B64736 /* SceneDelegate.swift */,
				348C9D54277AC67C00B64736 /* ViewController.swift */,
				348C9D5C277AC67E00B64736 /* Assets.xcassets */,
				348C9D5E277AC67E00B64736 /* LaunchScreen.storyboard */,
				34773E71277AD8100034CB14 /* Main.storyboard */,
				348C9D61277AC67E00B64736 /* Info.plist */,
				348C9D59277AC67C00B64736 /* HarryPoterTest.xcdatamodeld */,
				34773E6D277AD6880034CB14 /* NetworkManager.swift */,
				34773E6F277AD6D10034CB14 /* Extensions.swift */,
			);
			path = HarryPoterTest;
			sourceTree = "<group>";
		};
		348C9D69277AC67E00B64736 /* HarryPoterTestTests */ = {
			isa = PBXGroup;
			children = (
				348C9D6A277AC67E00B64736 /* HarryPoterTestTests.swift */,
			);
			path = HarryPoterTestTests;
			sourceTree = "<group>";
		};
		348C9D73277AC67E00B64736 /* HarryPoterTestUITests */ = {
			isa = PBXGroup;
			children = (
				348C9D74277AC67E00B64736 /* HarryPoterTestUITests.swift */,
				348C9D76277AC67E00B64736 /* HarryPoterTestUITestsLaunchTests.swift */,
			);
			path = HarryPoterTestUITests;
			sourceTree = "<group>";
		};
		348C9D83277AC69000B64736 /* controllers */ = {
			isa = PBXGroup;
			children = (
				34773E60277AD4E00034CB14 /* Locations */,
				34773E5F277AD4D20034CB14 /* Episodes */,
				34773E5E277AD4C80034CB14 /* Characters */,
				34773E5C277AD4860034CB14 /* TabBarViewController.swift */,
			);
			path = controllers;
			sourceTree = "<group>";
		};
		348C9D84277AC69D00B64736 /* cells */ = {
			isa = PBXGroup;
			children = (
				348C9D92277AD30900B64736 /* Characters */,
				348C9D91277AD2FD00B64736 /* Episodes */,
				348C9D90277AD2F100B64736 /* Locations */,
				348C9D8E277AD27A00B64736 /* LoadingTableViewCell.swift */,
			);
			path = cells;
			sourceTree = "<group>";
		};
		348C9D85277AC6A900B64736 /* models */ = {
			isa = PBXGroup;
			children = (
				348C9D86277ACA3B00B64736 /* Character.swift */,
				348C9D88277AD04900B64736 /* Location.swift */,
				348C9D8A277AD08300B64736 /* Episode.swift */,
				348C9D8C277AD09A00B64736 /* Info.swift */,
			);
			path = models;
			sourceTree = "<group>";
		};
		348C9D90277AD2F100B64736 /* Locations */ = {
			isa = PBXGroup;
			children = (
				348C9D93277AD34800B64736 /* LocationInfoTableViewCell.swift */,
				34773E52277AD3890034CB14 /* LocationCellTableViewCell.swift */,
			);
			path = Locations;
			sourceTree = "<group>";
		};
		348C9D91277AD2FD00B64736 /* Episodes */ = {
			isa = PBXGroup;
			children = (
				34773E54277AD3B20034CB14 /* EpisodeInfoTableViewCell.swift */,
				34773E56277AD3D70034CB14 /* EpisodeCellTableViewCell.swift */,
			);
			path = Episodes;
			sourceTree = "<group>";
		};
		348C9D92277AD30900B64736 /* Characters */ = {
			isa = PBXGroup;
			children = (
				34773E58277AD40D0034CB14 /* CharacterCellTableViewCell.swift */,
				34773E5A277AD4300034CB14 /* CharacterInfoTableViewCell.swift */,
			);
			path = Characters;
			sourceTree = "<group>";
		};
/* End PBXGroup section */

/* Begin PBXNativeTarget section */
		348C9D4C277AC67C00B64736 /* HarryPoterTest */ = {
			isa = PBXNativeTarget;
			buildConfigurationList = 348C9D7A277AC67E00B64736 /* Build configuration list for PBXNativeTarget "HarryPoterTest" */;
			buildPhases = (
				348C9D49277AC67C00B64736 /* Sources */,
				348C9D4A277AC67C00B64736 /* Frameworks */,
				348C9D4B277AC67C00B64736 /* Resources */,
			);
			buildRules = (
			);
			dependencies = (
			);
			name = HarryPoterTest;
			productName = HarryPoterTest;
			productReference = 348C9D4D277AC67C00B64736 /* HarryPoterTest.app */;
			productType = "com.apple.product-type.application";
		};
		348C9D65277AC67E00B64736 /* HarryPoterTestTests */ = {
			isa = PBXNativeTarget;
			buildConfigurationList = 348C9D7D277AC67E00B64736 /* Build configuration list for PBXNativeTarget "HarryPoterTestTests" */;
			buildPhases = (
				348C9D62277AC67E00B64736 /* Sources */,
				348C9D63277AC67E00B64736 /* Frameworks */,
				348C9D64277AC67E00B64736 /* Resources */,
			);
			buildRules = (
			);
			dependencies = (
				348C9D68277AC67E00B64736 /* PBXTargetDependency */,
			);
			name = HarryPoterTestTests;
			productName = HarryPoterTestTests;
			productReference = 348C9D66277AC67E00B64736 /* HarryPoterTestTests.xctest */;
			productType = "com.apple.product-type.bundle.unit-test";
		};
		348C9D6F277AC67E00B64736 /* HarryPoterTestUITests */ = {
			isa = PBXNativeTarget;
			buildConfigurationList = 348C9D80277AC67E00B64736 /* Build configuration list for PBXNativeTarget "HarryPoterTestUITests" */;
			buildPhases = (
				348C9D6C277AC67E00B64736 /* Sources */,
				348C9D6D277AC67E00B64736 /* Frameworks */,
				348C9D6E277AC67E00B64736 /* Resources */,
			);
			buildRules = (
			);
			dependencies = (
				348C9D72277AC67E00B64736 /* PBXTargetDependency */,
			);
			name = HarryPoterTestUITests;
			productName = HarryPoterTestUITests;
			productReference = 348C9D70277AC67E00B64736 /* HarryPoterTestUITests.xctest */;
			productType = "com.apple.product-type.bundle.ui-testing";
		};
/* End PBXNativeTarget section */

/* Begin PBXProject section */
		348C9D45277AC67C00B64736 /* Project object */ = {
			isa = PBXProject;
			attributes = {
				BuildIndependentTargetsInParallel = 1;
				LastSwiftUpdateCheck = 1310;
				LastUpgradeCheck = 1310;
				TargetAttributes = {
					348C9D4C277AC67C00B64736 = {
						CreatedOnToolsVersion = 13.1;
					};
					348C9D65277AC67E00B64736 = {
						CreatedOnToolsVersion = 13.1;
						TestTargetID = 348C9D4C277AC67C00B64736;
					};
					348C9D6F277AC67E00B64736 = {
						CreatedOnToolsVersion = 13.1;
						TestTargetID = 348C9D4C277AC67C00B64736;
					};
				};
			};
			buildConfigurationList = 348C9D48277AC67C00B64736 /* Build configuration list for PBXProject "HarryPoterTest" */;
			compatibilityVersion = "Xcode 13.0";
			developmentRegion = en;
			hasScannedForEncodings = 0;
			knownRegions = (
				en,
				Base,
			);
			mainGroup = 348C9D44277AC67C00B64736;
			productRefGroup = 348C9D4E277AC67C00B64736 /* Products */;
			projectDirPath = "";
			projectRoot = "";
			targets = (
				348C9D4C277AC67C00B64736 /* HarryPoterTest */,
				348C9D65277AC67E00B64736 /* HarryPoterTestTests */,
				348C9D6F277AC67E00B64736 /* HarryPoterTestUITests */,
			);
		};
/* End PBXProject section */

/* Begin PBXResourcesBuildPhase section */
		348C9D4B277AC67C00B64736 /* Resources */ = {
			isa = PBXResourcesBuildPhase;
			buildActionMask = 2147483647;
			files = (
				34773E72277AD8100034CB14 /* Main.storyboard in Resources */,
				348C9D60277AC67E00B64736 /* LaunchScreen.storyboard in Resources */,
				348C9D5D277AC67E00B64736 /* Assets.xcassets in Resources */,
			);
			runOnlyForDeploymentPostprocessing = 0;
		};
		348C9D64277AC67E00B64736 /* Resources */ = {
			isa = PBXResourcesBuildPhase;
			buildActionMask = 2147483647;
			files = (
			);
			runOnlyForDeploymentPostprocessing = 0;
		};
		348C9D6E277AC67E00B64736 /* Resources */ = {
			isa = PBXResourcesBuildPhase;
			buildActionMask = 2147483647;
			files = (
			);
			runOnlyForDeploymentPostprocessing = 0;
		};
/* End PBXResourcesBuildPhase section */

/* Begin PBXSourcesBuildPhase section */
		348C9D49277AC67C00B64736 /* Sources */ = {
			isa = PBXSourcesBuildPhase;
			buildActionMask = 2147483647;
			files = (
				34773E6E277AD6880034CB14 /* NetworkManager.swift in Sources */,
				34773E5D277AD4860034CB14 /* TabBarViewController.swift in Sources */,
				34773E53277AD3890034CB14 /* LocationCellTableViewCell.swift in Sources */,
				348C9D94277AD34800B64736 /* LocationInfoTableViewCell.swift in Sources */,
				348C9D55277AC67C00B64736 /* ViewController.swift in Sources */,
				34773E62277AD5090034CB14 /* LocationDetailViewController.swift in Sources */,
				34773E5B277AD4300034CB14 /* CharacterInfoTableViewCell.swift in Sources */,
				348C9D8D277AD09A00B64736 /* Info.swift in Sources */,
				348C9D8F277AD27A00B64736 /* LoadingTableViewCell.swift in Sources */,
				348C9D51277AC67C00B64736 /* AppDelegate.swift in Sources */,
				34773E6A277AD5C20034CB14 /* CharacterViewController.swift in Sources */,
				34773E59277AD40D0034CB14 /* CharacterCellTableViewCell.swift in Sources */,
				34773E6C277AD5ED0034CB14 /* CharacterDetailViewController.swift in Sources */,
				348C9D8B277AD08300B64736 /* Episode.swift in Sources */,
				348C9D87277ACA3B00B64736 /* Character.swift in Sources */,
				348C9D53277AC67C00B64736 /* SceneDelegate.swift in Sources */,
				34773E66277AD5590034CB14 /* EpisodeDetailViewController.swift in Sources */,
				34773E68277AD5840034CB14 /* EpisodeViewController.swift in Sources */,
				34773E55277AD3B20034CB14 /* EpisodeInfoTableViewCell.swift in Sources */,
				34773E70277AD6D10034CB14 /* Extensions.swift in Sources */,
				348C9D89277AD04900B64736 /* Location.swift in Sources */,
				34773E64277AD5310034CB14 /* LocationViewController.swift in Sources */,
				348C9D5B277AC67C00B64736 /* HarryPoterTest.xcdatamodeld in Sources */,
				34773E57277AD3D80034CB14 /* EpisodeCellTableViewCell.swift in Sources */,
			);
			runOnlyForDeploymentPostprocessing = 0;
		};
		348C9D62277AC67E00B64736 /* Sources */ = {
			isa = PBXSourcesBuildPhase;
			buildActionMask = 2147483647;
			files = (
				348C9D6B277AC67E00B64736 /* HarryPoterTestTests.swift in Sources */,
			);
			runOnlyForDeploymentPostprocessing = 0;
		};
		348C9D6C277AC67E00B64736 /* Sources */ = {
			isa = PBXSourcesBuildPhase;
			buildActionMask = 2147483647;
			files = (
				348C9D77277AC67E00B64736 /* HarryPoterTestUITestsLaunchTests.swift in Sources */,
				348C9D75277AC67E00B64736 /* HarryPoterTestUITests.swift in Sources */,
			);
			runOnlyForDeploymentPostprocessing = 0;
		};
/* End PBXSourcesBuildPhase section */

/* Begin PBXTargetDependency section */
		348C9D68277AC67E00B64736 /* PBXTargetDependency */ = {
			isa = PBXTargetDependency;
			target = 348C9D4C277AC67C00B64736 /* HarryPoterTest */;
			targetProxy = 348C9D67277AC67E00B64736 /* PBXContainerItemProxy */;
		};
		348C9D72277AC67E00B64736 /* PBXTargetDependency */ = {
			isa = PBXTargetDependency;
			target = 348C9D4C277AC67C00B64736 /* HarryPoterTest */;
			targetProxy = 348C9D71277AC67E00B64736 /* PBXContainerItemProxy */;
		};
/* End PBXTargetDependency section */

/* Begin PBXVariantGroup section */
		348C9D5E277AC67E00B64736 /* LaunchScreen.storyboard */ = {
			isa = PBXVariantGroup;
			children = (
				348C9D5F277AC67E00B64736 /* Base */,
			);
			name = LaunchScreen.storyboard;
			sourceTree = "<group>";
		};
/* End PBXVariantGroup section */

/* Begin XCBuildConfiguration section */
		348C9D78277AC67E00B64736 /* Debug */ = {
			isa = XCBuildConfiguration;
			buildSettings = {
				ALWAYS_SEARCH_USER_PATHS = NO;
				CLANG_ANALYZER_NONNULL = YES;
				CLANG_ANALYZER_NUMBER_OBJECT_CONVERSION = YES_AGGRESSIVE;
				CLANG_CXX_LANGUAGE_STANDARD = "gnu++17";
				CLANG_CXX_LIBRARY = "libc++";
				CLANG_ENABLE_MODULES = YES;
				CLANG_ENABLE_OBJC_ARC = YES;
				CLANG_ENABLE_OBJC_WEAK = YES;
				CLANG_WARN_BLOCK_CAPTURE_AUTORELEASING = YES;
				CLANG_WARN_BOOL_CONVERSION = YES;
				CLANG_WARN_COMMA = YES;
				CLANG_WARN_CONSTANT_CONVERSION = YES;
				CLANG_WARN_DEPRECATED_OBJC_IMPLEMENTATIONS = YES;
				CLANG_WARN_DIRECT_OBJC_ISA_USAGE = YES_ERROR;
				CLANG_WARN_DOCUMENTATION_COMMENTS = YES;
				CLANG_WARN_EMPTY_BODY = YES;
				CLANG_WARN_ENUM_CONVERSION = YES;
				CLANG_WARN_INFINITE_RECURSION = YES;
				CLANG_WARN_INT_CONVERSION = YES;
				CLANG_WARN_NON_LITERAL_NULL_CONVERSION = YES;
				CLANG_WARN_OBJC_IMPLICIT_RETAIN_SELF = YES;
				CLANG_WARN_OBJC_LITERAL_CONVERSION = YES;
				CLANG_WARN_OBJC_ROOT_CLASS = YES_ERROR;
				CLANG_WARN_QUOTED_INCLUDE_IN_FRAMEWORK_HEADER = YES;
				CLANG_WARN_RANGE_LOOP_ANALYSIS = YES;
				CLANG_WARN_STRICT_PROTOTYPES = YES;
				CLANG_WARN_SUSPICIOUS_MOVE = YES;
				CLANG_WARN_UNGUARDED_AVAILABILITY = YES_AGGRESSIVE;
				CLANG_WARN_UNREACHABLE_CODE = YES;
				CLANG_WARN__DUPLICATE_METHOD_MATCH = YES;
				COPY_PHASE_STRIP = NO;
				DEBUG_INFORMATION_FORMAT = dwarf;
				ENABLE_STRICT_OBJC_MSGSEND = YES;
				ENABLE_TESTABILITY = YES;
				GCC_C_LANGUAGE_STANDARD = gnu11;
				GCC_DYNAMIC_NO_PIC = NO;
				GCC_NO_COMMON_BLOCKS = YES;
				GCC_OPTIMIZATION_LEVEL = 0;
				GCC_PREPROCESSOR_DEFINITIONS = (
					"DEBUG=1",
					"$(inherited)",
				);
				GCC_WARN_64_TO_32_BIT_CONVERSION = YES;
				GCC_WARN_ABOUT_RETURN_TYPE = YES_ERROR;
				GCC_WARN_UNDECLARED_SELECTOR = YES;
				GCC_WARN_UNINITIALIZED_AUTOS = YES_AGGRESSIVE;
				GCC_WARN_UNUSED_FUNCTION = YES;
				GCC_WARN_UNUSED_VARIABLE = YES;
				IPHONEOS_DEPLOYMENT_TARGET = 15.0;
				MTL_ENABLE_DEBUG_INFO = INCLUDE_SOURCE;
				MTL_FAST_MATH = YES;
				ONLY_ACTIVE_ARCH = YES;
				SDKROOT = iphoneos;
				SWIFT_ACTIVE_COMPILATION_CONDITIONS = DEBUG;
				SWIFT_OPTIMIZATION_LEVEL = "-Onone";
			};
			name = Debug;
		};
		348C9D79277AC67E00B64736 /* Release */ = {
			isa = XCBuildConfiguration;
			buildSettings = {
				ALWAYS_SEARCH_USER_PATHS = NO;
				CLANG_ANALYZER_NONNULL = YES;
				CLANG_ANALYZER_NUMBER_OBJECT_CONVERSION = YES_AGGRESSIVE;
				CLANG_CXX_LANGUAGE_STANDARD = "gnu++17";
				CLANG_CXX_LIBRARY = "libc++";
				CLANG_ENABLE_MODULES = YES;
				CLANG_ENABLE_OBJC_ARC = YES;
				CLANG_ENABLE_OBJC_WEAK = YES;
				CLANG_WARN_BLOCK_CAPTURE_AUTORELEASING = YES;
				CLANG_WARN_BOOL_CONVERSION = YES;
				CLANG_WARN_COMMA = YES;
				CLANG_WARN_CONSTANT_CONVERSION = YES;
				CLANG_WARN_DEPRECATED_OBJC_IMPLEMENTATIONS = YES;
				CLANG_WARN_DIRECT_OBJC_ISA_USAGE = YES_ERROR;
				CLANG_WARN_DOCUMENTATION_COMMENTS = YES;
				CLANG_WARN_EMPTY_BODY = YES;
				CLANG_WARN_ENUM_CONVERSION = YES;
				CLANG_WARN_INFINITE_RECURSION = YES;
				CLANG_WARN_INT_CONVERSION = YES;
				CLANG_WARN_NON_LITERAL_NULL_CONVERSION = YES;
				CLANG_WARN_OBJC_IMPLICIT_RETAIN_SELF = YES;
				CLANG_WARN_OBJC_LITERAL_CONVERSION = YES;
				CLANG_WARN_OBJC_ROOT_CLASS = YES_ERROR;
				CLANG_WARN_QUOTED_INCLUDE_IN_FRAMEWORK_HEADER = YES;
				CLANG_WARN_RANGE_LOOP_ANALYSIS = YES;
				CLANG_WARN_STRICT_PROTOTYPES = YES;
				CLANG_WARN_SUSPICIOUS_MOVE = YES;
				CLANG_WARN_UNGUARDED_AVAILABILITY = YES_AGGRESSIVE;
				CLANG_WARN_UNREACHABLE_CODE = YES;
				CLANG_WARN__DUPLICATE_METHOD_MATCH = YES;
				COPY_PHASE_STRIP = NO;
				DEBUG_INFORMATION_FORMAT = "dwarf-with-dsym";
				ENABLE_NS_ASSERTIONS = NO;
				ENABLE_STRICT_OBJC_MSGSEND = YES;
				GCC_C_LANGUAGE_STANDARD = gnu11;
				GCC_NO_COMMON_BLOCKS = YES;
				GCC_WARN_64_TO_32_BIT_CONVERSION = YES;
				GCC_WARN_ABOUT_RETURN_TYPE = YES_ERROR;
				GCC_WARN_UNDECLARED_SELECTOR = YES;
				GCC_WARN_UNINITIALIZED_AUTOS = YES_AGGRESSIVE;
				GCC_WARN_UNUSED_FUNCTION = YES;
				GCC_WARN_UNUSED_VARIABLE = YES;
				IPHONEOS_DEPLOYMENT_TARGET = 15.0;
				MTL_ENABLE_DEBUG_INFO = NO;
				MTL_FAST_MATH = YES;
				SDKROOT = iphoneos;
				SWIFT_COMPILATION_MODE = wholemodule;
				SWIFT_OPTIMIZATION_LEVEL = "-O";
				VALIDATE_PRODUCT = YES;
			};
			name = Release;
		};
		348C9D7B277AC67E00B64736 /* Debug */ = {
			isa = XCBuildConfiguration;
			buildSettings = {
				ASSETCATALOG_COMPILER_APPICON_NAME = AppIcon;
				ASSETCATALOG_COMPILER_GLOBAL_ACCENT_COLOR_NAME = AccentColor;
				CODE_SIGN_STYLE = Automatic;
				CURRENT_PROJECT_VERSION = 1;
				DEVELOPMENT_TEAM = R56999TGTG;
				GENERATE_INFOPLIST_FILE = YES;
				INFOPLIST_FILE = HarryPoterTest/Info.plist;
				INFOPLIST_KEY_UIApplicationSupportsIndirectInputEvents = YES;
				INFOPLIST_KEY_UILaunchStoryboardName = LaunchScreen;
				INFOPLIST_KEY_UIMainStoryboardFile = Main;
				INFOPLIST_KEY_UISupportedInterfaceOrientations_iPad = "UIInterfaceOrientationPortrait UIInterfaceOrientationPortraitUpsideDown UIInterfaceOrientationLandscapeLeft UIInterfaceOrientationLandscapeRight";
				INFOPLIST_KEY_UISupportedInterfaceOrientations_iPhone = "UIInterfaceOrientationPortrait UIInterfaceOrientationLandscapeLeft UIInterfaceOrientationLandscapeRight";
				LD_RUNPATH_SEARCH_PATHS = (
					"$(inherited)",
					"@executable_path/Frameworks",
				);
				MARKETING_VERSION = 1.0;
				PRODUCT_BUNDLE_IDENTIFIER = BakytDzhumabaev.HarryPoterTest;
				PRODUCT_NAME = "$(TARGET_NAME)";
				SWIFT_EMIT_LOC_STRINGS = YES;
				SWIFT_VERSION = 5.0;
				TARGETED_DEVICE_FAMILY = "1,2";
			};
			name = Debug;
		};
		348C9D7C277AC67E00B64736 /* Release */ = {
			isa = XCBuildConfiguration;
			buildSettings = {
				ASSETCATALOG_COMPILER_APPICON_NAME = AppIcon;
				ASSETCATALOG_COMPILER_GLOBAL_ACCENT_COLOR_NAME = AccentColor;
				CODE_SIGN_STYLE = Automatic;
				CURRENT_PROJECT_VERSION = 1;
				DEVELOPMENT_TEAM = R56999TGTG;
				GENERATE_INFOPLIST_FILE = YES;
				INFOPLIST_FILE = HarryPoterTest/Info.plist;
				INFOPLIST_KEY_UIApplicationSupportsIndirectInputEvents = YES;
				INFOPLIST_KEY_UILaunchStoryboardName = LaunchScreen;
				INFOPLIST_KEY_UIMainStoryboardFile = Main;
				INFOPLIST_KEY_UISupportedInterfaceOrientations_iPad = "UIInterfaceOrientationPortrait UIInterfaceOrientationPortraitUpsideDown UIInterfaceOrientationLandscapeLeft UIInterfaceOrientationLandscapeRight";
				INFOPLIST_KEY_UISupportedInterfaceOrientations_iPhone = "UIInterfaceOrientationPortrait UIInterfaceOrientationLandscapeLeft UIInterfaceOrientationLandscapeRight";
				LD_RUNPATH_SEARCH_PATHS = (
					"$(inherited)",
					"@executable_path/Frameworks",
				);
				MARKETING_VERSION = 1.0;
				PRODUCT_BUNDLE_IDENTIFIER = BakytDzhumabaev.HarryPoterTest;
				PRODUCT_NAME = "$(TARGET_NAME)";
				SWIFT_EMIT_LOC_STRINGS = YES;
				SWIFT_VERSION = 5.0;
				TARGETED_DEVICE_FAMILY = "1,2";
			};
			name = Release;
		};
		348C9D7E277AC67E00B64736 /* Debug */ = {
			isa = XCBuildConfiguration;
			buildSettings = {
				ALWAYS_EMBED_SWIFT_STANDARD_LIBRARIES = YES;
				BUNDLE_LOADER = "$(TEST_HOST)";
				CODE_SIGN_STYLE = Automatic;
				CURRENT_PROJECT_VERSION = 1;
				DEVELOPMENT_TEAM = R56999TGTG;
				GENERATE_INFOPLIST_FILE = YES;
				IPHONEOS_DEPLOYMENT_TARGET = 15.0;
				LD_RUNPATH_SEARCH_PATHS = (
					"$(inherited)",
					"@executable_path/Frameworks",
					"@loader_path/Frameworks",
				);
				MARKETING_VERSION = 1.0;
				PRODUCT_BUNDLE_IDENTIFIER = BakytDzhumabaev.HarryPoterTestTests;
				PRODUCT_NAME = "$(TARGET_NAME)";
				SWIFT_EMIT_LOC_STRINGS = NO;
				SWIFT_VERSION = 5.0;
				TARGETED_DEVICE_FAMILY = "1,2";
				TEST_HOST = "$(BUILT_PRODUCTS_DIR)/HarryPoterTest.app/HarryPoterTest";
			};
			name = Debug;
		};
		348C9D7F277AC67E00B64736 /* Release */ = {
			isa = XCBuildConfiguration;
			buildSettings = {
				ALWAYS_EMBED_SWIFT_STANDARD_LIBRARIES = YES;
				BUNDLE_LOADER = "$(TEST_HOST)";
				CODE_SIGN_STYLE = Automatic;
				CURRENT_PROJECT_VERSION = 1;
				DEVELOPMENT_TEAM = R56999TGTG;
				GENERATE_INFOPLIST_FILE = YES;
				IPHONEOS_DEPLOYMENT_TARGET = 15.0;
				LD_RUNPATH_SEARCH_PATHS = (
					"$(inherited)",
					"@executable_path/Frameworks",
					"@loader_path/Frameworks",
				);
				MARKETING_VERSION = 1.0;
				PRODUCT_BUNDLE_IDENTIFIER = BakytDzhumabaev.HarryPoterTestTests;
				PRODUCT_NAME = "$(TARGET_NAME)";
				SWIFT_EMIT_LOC_STRINGS = NO;
				SWIFT_VERSION = 5.0;
				TARGETED_DEVICE_FAMILY = "1,2";
				TEST_HOST = "$(BUILT_PRODUCTS_DIR)/HarryPoterTest.app/HarryPoterTest";
			};
			name = Release;
		};
		348C9D81277AC67E00B64736 /* Debug */ = {
			isa = XCBuildConfiguration;
			buildSettings = {
				ALWAYS_EMBED_SWIFT_STANDARD_LIBRARIES = YES;
				CODE_SIGN_STYLE = Automatic;
				CURRENT_PROJECT_VERSION = 1;
				DEVELOPMENT_TEAM = R56999TGTG;
				GENERATE_INFOPLIST_FILE = YES;
				LD_RUNPATH_SEARCH_PATHS = (
					"$(inherited)",
					"@executable_path/Frameworks",
					"@loader_path/Frameworks",
				);
				MARKETING_VERSION = 1.0;
				PRODUCT_BUNDLE_IDENTIFIER = BakytDzhumabaev.HarryPoterTestUITests;
				PRODUCT_NAME = "$(TARGET_NAME)";
				SWIFT_EMIT_LOC_STRINGS = NO;
				SWIFT_VERSION = 5.0;
				TARGETED_DEVICE_FAMILY = "1,2";
				TEST_TARGET_NAME = HarryPoterTest;
			};
			name = Debug;
		};
		348C9D82277AC67E00B64736 /* Release */ = {
			isa = XCBuildConfiguration;
			buildSettings = {
				ALWAYS_EMBED_SWIFT_STANDARD_LIBRARIES = YES;
				CODE_SIGN_STYLE = Automatic;
				CURRENT_PROJECT_VERSION = 1;
				DEVELOPMENT_TEAM = R56999TGTG;
				GENERATE_INFOPLIST_FILE = YES;
				LD_RUNPATH_SEARCH_PATHS = (
					"$(inherited)",
					"@executable_path/Frameworks",
					"@loader_path/Frameworks",
				);
				MARKETING_VERSION = 1.0;
				PRODUCT_BUNDLE_IDENTIFIER = BakytDzhumabaev.HarryPoterTestUITests;
				PRODUCT_NAME = "$(TARGET_NAME)";
				SWIFT_EMIT_LOC_STRINGS = NO;
				SWIFT_VERSION = 5.0;
				TARGETED_DEVICE_FAMILY = "1,2";
				TEST_TARGET_NAME = HarryPoterTest;
			};
			name = Release;
		};
/* End XCBuildConfiguration section */

/* Begin XCConfigurationList section */
		348C9D48277AC67C00B64736 /* Build configuration list for PBXProject "HarryPoterTest" */ = {
			isa = XCConfigurationList;
			buildConfigurations = (
				348C9D78277AC67E00B64736 /* Debug */,
				348C9D79277AC67E00B64736 /* Release */,
			);
			defaultConfigurationIsVisible = 0;
			defaultConfigurationName = Release;
		};
		348C9D7A277AC67E00B64736 /* Build configuration list for PBXNativeTarget "HarryPoterTest" */ = {
			isa = XCConfigurationList;
			buildConfigurations = (
				348C9D7B277AC67E00B64736 /* Debug */,
				348C9D7C277AC67E00B64736 /* Release */,
			);
			defaultConfigurationIsVisible = 0;
			defaultConfigurationName = Release;
		};
		348C9D7D277AC67E00B64736 /* Build configuration list for PBXNativeTarget "HarryPoterTestTests" */ = {
			isa = XCConfigurationList;
			buildConfigurations = (
				348C9D7E277AC67E00B64736 /* Debug */,
				348C9D7F277AC67E00B64736 /* Release */,
			);
			defaultConfigurationIsVisible = 0;
			defaultConfigurationName = Release;
		};
		348C9D80277AC67E00B64736 /* Build configuration list for PBXNativeTarget "HarryPoterTestUITests" */ = {
			isa = XCConfigurationList;
			buildConfigurations = (
				348C9D81277AC67E00B64736 /* Debug */,
				348C9D82277AC67E00B64736 /* Release */,
			);
			defaultConfigurationIsVisible = 0;
			defaultConfigurationName = Release;
		};
/* End XCConfigurationList section */

/* Begin XCVersionGroup section */
		348C9D59277AC67C00B64736 /* HarryPoterTest.xcdatamodeld */ = {
			isa = XCVersionGroup;
			children = (
				348C9D5A277AC67C00B64736 /* HarryPoterTest.xcdatamodel */,
			);
			currentVersion = 348C9D5A277AC67C00B64736 /* HarryPoterTest.xcdatamodel */;
			path = HarryPoterTest.xcdatamodeld;
			sourceTree = "<group>";
			versionGroupType = wrapper.xcdatamodel;
		};
/* End XCVersionGroup section */
	};
	rootObject = 348C9D45277AC67C00B64736 /* Project object */;
}
